
Microsoft Visual Studio Solution File, Format Version 12.00
# Visual Studio 15
VisualStudioVersion = 15.0.27428.2002
MinimumVisualStudioVersion = 10.0.40219.1
Project("{FAE04EC0-301F-11D3-BF4B-00C04F79EFBC}") = "Animal.Android", "Animal\Animal.Android\Animal.Android.csproj", "{CD419EE5-F327-4EA8-A494-5AD98D8D3082}"
EndProject
Project("{FAE04EC0-301F-11D3-BF4B-00C04F79EFBC}") = "Animal.iOS", "Animal\Animal.iOS\Animal.iOS.csproj", "{6EAD4F6F-3246-435B-B6CF-7EE5DC968679}"
EndProject
Project("{9A19103F-16F7-4668-BE54-9A1E7A4F7556}") = "Animal", "Animal\Animal\Animal.csproj", "{5C19B122-04C3-46D0-ACBB-B8974F0735D0}"
EndProject
Global
	GlobalSection(SolutionConfigurationPlatforms) = preSolution
		Ad-Hoc|Any CPU = Ad-Hoc|Any CPU
		Ad-Hoc|iPhone = Ad-Hoc|iPhone
		Ad-Hoc|iPhoneSimulator = Ad-Hoc|iPhoneSimulator
		AppStore|Any CPU = AppStore|Any CPU
		AppStore|iPhone = AppStore|iPhone
		AppStore|iPhoneSimulator = AppStore|iPhoneSimulator
		Debug|Any CPU = Debug|Any CPU
		Debug|iPhone = Debug|iPhone
		Debug|iPhoneSimulator = Debug|iPhoneSimulator
		Release|Any CPU = Release|Any CPU
		Release|iPhone = Release|iPhone
		Release|iPhoneSimulator = Release|iPhoneSimulator
	EndGlobalSection
	GlobalSection(ProjectConfigurationPlatforms) = postSolution
		{CD419EE5-F327-4EA8-A494-5AD98D8D3082}.Ad-Hoc|Any CPU.ActiveCfg = Release|Any CPU
		{CD419EE5-F327-4EA8-A494-5AD98D8D3082}.Ad-Hoc|Any CPU.Build.0 = Release|Any CPU
		{CD419EE5-F327-4EA8-A494-5AD98D8D3082}.Ad-Hoc|Any CPU.Deploy.0 = Release|Any CPU
		{CD419EE5-F327-4EA8-A494-5AD98D8D3082}.Ad-Hoc|iPhone.ActiveCfg = Release|Any CPU
		{CD419EE5-F327-4EA8-A494-5AD98D8D3082}.Ad-Hoc|iPhone.Build.0 = Release|Any CPU
		{CD419EE5-F327-4EA8-A494-5AD98D8D3082}.Ad-Hoc|iPhone.Deploy.0 = Release|Any CPU
		{CD419EE5-F327-4EA8-A494-5AD98D8D3082}.Ad-Hoc|iPhoneSimulator.ActiveCfg = Release|Any CPU
		{CD419EE5-F327-4EA8-A494-5AD98D8D3082}.Ad-Hoc|iPhoneSimulator.Build.0 = Release|Any CPU
		{CD419EE5-F327-4EA8-A494-5AD98D8D3082}.Ad-Hoc|iPhoneSimulator.Deploy.0 = Release|Any CPU
		{CD419EE5-F327-4EA8-A494-5AD98D8D3082}.AppStore|Any CPU.ActiveCfg = Release|Any CPU
		{CD419EE5-F327-4EA8-A494-5AD98D8D3082}.AppStore|Any CPU.Build.0 = Release|Any CPU
		{CD419EE5-F327-4EA8-A494-5AD98D8D3082}.AppStore|Any CPU.Deploy.0 = Release|Any CPU
		{CD419EE5-F327-4EA8-A494-5AD98D8D3082}.AppStore|iPhone.ActiveCfg = Release|Any CPU
		{CD419EE5-F327-4EA8-A494-5AD98D8D3082}.AppStore|iPhone.Build.0 = Release|Any CPU
		{CD419EE5-F327-4EA8-A494-5AD98D8D3082}.AppStore|iPhone.Deploy.0 = Release|Any CPU
		{CD419EE5-F327-4EA8-A494-5AD98D8D3082}.AppStore|iPhoneSimulator.ActiveCfg = Release|Any CPU
		{CD419EE5-F327-4EA8-A494-5AD98D8D3082}.AppStore|iPhoneSimulator.Build.0 = Release|Any CPU
		{CD419EE5-F327-4EA8-A494-5AD98D8D3082}.AppStore|iPhoneSimulator.Deploy.0 = Release|Any CPU
		{CD419EE5-F327-4EA8-A494-5AD98D8D3082}.Debug|Any CPU.ActiveCfg = Debug|Any CPU
		{CD419EE5-F327-4EA8-A494-5AD98D8D3082}.Debug|Any CPU.Build.0 = Debug|Any CPU
		{CD419EE5-F327-4EA8-A494-5AD98D8D3082}.Debug|Any CPU.Deploy.0 = Debug|Any CPU
		{CD419EE5-F327-4EA8-A494-5AD98D8D3082}.Debug|iPhone.ActiveCfg = Debug|Any CPU
		{CD419EE5-F327-4EA8-A494-5AD98D8D3082}.Debug|iPhone.Build.0 = Debug|Any CPU
		{CD419EE5-F327-4EA8-A494-5AD98D8D3082}.Debug|iPhone.Deploy.0 = Debug|Any CPU
		{CD419EE5-F327-4EA8-A494-5AD98D8D3082}.Debug|iPhoneSimulator.ActiveCfg = Debug|Any CPU
		{CD419EE5-F327-4EA8-A494-5AD98D8D3082}.Debug|iPhoneSimulator.Build.0 = Debug|Any CPU
		{CD419EE5-F327-4EA8-A494-5AD98D8D3082}.Debug|iPhoneSimulator.Deploy.0 = Debug|Any CPU
		{CD419EE5-F327-4EA8-A494-5AD98D8D3082}.Release|Any CPU.ActiveCfg = Release|Any CPU
		{CD419EE5-F327-4EA8-A494-5AD98D8D3082}.Release|Any CPU.Build.0 = Release|Any CPU
		{CD419EE5-F327-4EA8-A494-5AD98D8D3082}.Release|Any CPU.Deploy.0 = Release|Any CPU
		{CD419EE5-F327-4EA8-A494-5AD98D8D3082}.Release|iPhone.ActiveCfg = Release|Any CPU
		{CD419EE5-F327-4EA8-A494-5AD98D8D3082}.Release|iPhone.Build.0 = Release|Any CPU
		{CD419EE5-F327-4EA8-A494-5AD98D8D3082}.Release|iPhone.Deploy.0 = Release|Any CPU
		{CD419EE5-F327-4EA8-A494-5AD98D8D3082}.Release|iPhoneSimulator.ActiveCfg = Release|Any CPU
		{CD419EE5-F327-4EA8-A494-5AD98D8D3082}.Release|iPhoneSimulator.Build.0 = Release|Any CPU
		{CD419EE5-F327-4EA8-A494-5AD98D8D3082}.Release|iPhoneSimulator.Deploy.0 = Release|Any CPU
		{6EAD4F6F-3246-435B-B6CF-7EE5DC968679}.Ad-Hoc|Any CPU.ActiveCfg = Ad-Hoc|iPhone
		{6EAD4F6F-3246-435B-B6CF-7EE5DC968679}.Ad-Hoc|iPhone.ActiveCfg = Ad-Hoc|iPhone
		{6EAD4F6F-3246-435B-B6CF-7EE5DC968679}.Ad-Hoc|iPhone.Build.0 = Ad-Hoc|iPhone
		{6EAD4F6F-3246-435B-B6CF-7EE5DC968679}.Ad-Hoc|iPhoneSimulator.ActiveCfg = Ad-Hoc|iPhoneSimulator
		{6EAD4F6F-3246-435B-B6CF-7EE5DC968679}.Ad-Hoc|iPhoneSimulator.Build.0 = Ad-Hoc|iPhoneSimulator
		{6EAD4F6F-3246-435B-B6CF-7EE5DC968679}.AppStore|Any CPU.ActiveCfg = AppStore|iPhone
		{6EAD4F6F-3246-435B-B6CF-7EE5DC968679}.AppStore|iPhone.ActiveCfg = AppStore|iPhone
		{6EAD4F6F-3246-435B-B6CF-7EE5DC968679}.AppStore|iPhone.Build.0 = AppStore|iPhone
		{6EAD4F6F-3246-435B-B6CF-7EE5DC968679}.AppStore|iPhoneSimulator.ActiveCfg = AppStore|iPhoneSimulator
		{6EAD4F6F-3246-435B-B6CF-7EE5DC968679}.AppStore|iPhoneSimulator.Build.0 = AppStore|iPhoneSimulator
		{6EAD4F6F-3246-435B-B6CF-7EE5DC968679}.Debug|Any CPU.ActiveCfg = Debug|iPhone
		{6EAD4F6F-3246-435B-B6CF-7EE5DC968679}.Debug|iPhone.ActiveCfg = Debug|iPhone
		{6EAD4F6F-3246-435B-B6CF-7EE5DC968679}.Debug|iPhone.Build.0 = Debug|iPhone
		{6EAD4F6F-3246-435B-B6CF-7EE5DC968679}.Debug|iPhoneSimulator.ActiveCfg = Debug|iPhoneSimulator
		{6EAD4F6F-3246-435B-B6CF-7EE5DC968679}.Debug|iPhoneSimulator.Build.0 = Debug|iPhoneSimulator
		{6EAD4F6F-3246-435B-B6CF-7EE5DC968679}.Release|Any CPU.ActiveCfg = Release|iPhone
		{6EAD4F6F-3246-435B-B6CF-7EE5DC968679}.Release|iPhone.ActiveCfg = Release|iPhone
		{6EAD4F6F-3246-435B-B6CF-7EE5DC968679}.Release|iPhone.Build.0 = Release|iPhone
		{6EAD4F6F-3246-435B-B6CF-7EE5DC968679}.Release|iPhoneSimulator.ActiveCfg = Release|iPhoneSimulator
		{6EAD4F6F-3246-435B-B6CF-7EE5DC968679}.Release|iPhoneSimulator.Build.0 = Release|iPhoneSimulator
		{5C19B122-04C3-46D0-ACBB-B8974F0735D0}.Ad-Hoc|Any CPU.ActiveCfg = Debug|Any CPU
		{5C19B122-04C3-46D0-ACBB-B8974F0735D0}.Ad-Hoc|Any CPU.Build.0 = Debug|Any CPU
		{5C19B122-04C3-46D0-ACBB-B8974F0735D0}.Ad-Hoc|iPhone.ActiveCfg = Debug|Any CPU
		{5C19B122-04C3-46D0-ACBB-B8974F0735D0}.Ad-Hoc|iPhone.Build.0 = Debug|Any CPU
		{5C19B122-04C3-46D0-ACBB-B8974F0735D0}.Ad-Hoc|iPhoneSimulator.ActiveCfg = Debug|Any CPU
		{5C19B122-04C3-46D0-ACBB-B8974F0735D0}.Ad-Hoc|iPhoneSimulator.Build.0 = Debug|Any CPU
		{5C19B122-04C3-46D0-ACBB-B8974F0735D0}.AppStore|Any CPU.ActiveCfg = Debug|Any CPU
		{5C19B122-04C3-46D0-ACBB-B8974F0735D0}.AppStore|Any CPU.Build.0 = Debug|Any CPU
		{5C19B122-04C3-46D0-ACBB-B8974F0735D0}.AppStore|iPhone.ActiveCfg = Debug|Any CPU
		{5C19B122-04C3-46D0-ACBB-B8974F0735D0}.AppStore|iPhone.Build.0 = Debug|Any CPU
		{5C19B122-04C3-46D0-ACBB-B8974F0735D0}.AppStore|iPhoneSimulator.ActiveCfg = Debug|Any CPU
		{5C19B122-04C3-46D0-ACBB-B8974F0735D0}.AppStore|iPhoneSimulator.Build.0 = Debug|Any CPU
		{5C19B122-04C3-46D0-ACBB-B8974F0735D0}.Debug|Any CPU.ActiveCfg = Debug|Any CPU
		{5C19B122-04C3-46D0-ACBB-B8974F0735D0}.Debug|Any CPU.Build.0 = Debug|Any CPU
		{5C19B122-04C3-46D0-ACBB-B8974F0735D0}.Debug|iPhone.ActiveCfg = Debug|Any CPU
		{5C19B122-04C3-46D0-ACBB-B8974F0735D0}.Debug|iPhone.Build.0 = Debug|Any CPU
		{5C19B122-04C3-46D0-ACBB-B8974F0735D0}.Debug|iPhoneSimulator.ActiveCfg = Debug|Any CPU
		{5C19B122-04C3-46D0-ACBB-B8974F0735D0}.Debug|iPhoneSimulator.Build.0 = Debug|Any CPU
		{5C19B122-04C3-46D0-ACBB-B8974F0735D0}.Release|Any CPU.ActiveCfg = Release|Any CPU
		{5C19B122-04C3-46D0-ACBB-B8974F0735D0}.Release|Any CPU.Build.0 = Release|Any CPU
		{5C19B122-04C3-46D0-ACBB-B8974F0735D0}.Release|iPhone.ActiveCfg = Release|Any CPU
		{5C19B122-04C3-46D0-ACBB-B8974F0735D0}.Release|iPhone.Build.0 = Release|Any CPU
		{5C19B122-04C3-46D0-ACBB-B8974F0735D0}.Release|iPhoneSimulator.ActiveCfg = Release|Any CPU
		{5C19B122-04C3-46D0-ACBB-B8974F0735D0}.Release|iPhoneSimulator.Build.0 = Release|Any CPU
	EndGlobalSection
	GlobalSection(SolutionProperties) = preSolution
		HideSolutionNode = FALSE
	EndGlobalSection
	GlobalSection(ExtensibilityGlobals) = postSolution
		SolutionGuid = {DC923E2E-D028-4C35-8E5C-9B76CA385CEE}
	EndGlobalSection
EndGlobal
